
Microsoft Visual Studio Solution File, Format Version 12.00
# Visual Studio Version 17
VisualStudioVersion = 17.1.32414.318
MinimumVisualStudioVersion = 10.0.40219.1
Project("{FAE04EC0-301F-11D3-BF4B-00C04F79EFBC}") = "CtrlS", "CtrlS\CtrlS.csproj", "{42E35D5C-0E18-4517-A7D9-5B0B7EA30055}"
EndProject
Global
	GlobalSection(SolutionConfigurationPlatforms) = preSolution
		Debug|Any CPU = Debug|Any CPU
		Release|Any CPU = Release|Any CPU
	EndGlobalSection
	GlobalSection(ProjectConfigurationPlatforms) = postSolution
		{42E35D5C-0E18-4517-A7D9-5B0B7EA30055}.Debug|Any CPU.ActiveCfg = Debug|Any CPU
		{42E35D5C-0E18-4517-A7D9-5B0B7EA30055}.Debug|Any CPU.Build.0 = Debug|Any CPU
		{42E35D5C-0E18-4517-A7D9-5B0B7EA30055}.Release|Any CPU.ActiveCfg = Release|Any CPU
		{42E35D5C-0E18-4517-A7D9-5B0B7EA30055}.Release|Any CPU.Build.0 = Release|Any CPU
	EndGlobalSection
	GlobalSection(SolutionProperties) = preSolution
		HideSolutionNode = FALSE
	EndGlobalSection
	GlobalSection(ExtensibilityGlobals) = postSolution
		SolutionGuid = {8DB63DC9-C4FB-44F0-881C-8FC3D56CBFDD}
	EndGlobalSection
EndGlobal
